{
  "name": "OPAQUE",
  "lockfileVersion": 3,
  "requires": true,
  "packages": {
    "": {
      "dependencies": {
        "@serenity-kit/opaque": "^0.8.4"
      }
    },
    "node_modules/@serenity-kit/opaque": {
      "version": "0.8.4",
      "resolved": "https://registry.npmjs.org/@serenity-kit/opaque/-/opaque-0.8.4.tgz",
      "integrity": "sha512-sFxGxZWdBciJ1Bp2F5Pey5q3kW+bN/RYpsZueLogb/KAWF50XuYk5bSG0Y8gH784jV+2XI/G8ptX+kWA0w6N3Q==",
      "bin": {
        "opaque": "bin/index.js"
      }
    }
  }
}
